
Microsoft Visual Studio Solution File, Format Version 12.00
# Visual Studio Version 17
VisualStudioVersion = 17.4.33213.308
MinimumVisualStudioVersion = 10.0.40219.1
Project("{888888A0-9F3D-457C-B088-3A5042F75D52}") = "AppInventario", "AppInventario\AppInventario.pyproj", "{9F07E8C9-1F39-4600-9419-7880A3A6677D}"
EndProject
Global
	GlobalSection(SolutionConfigurationPlatforms) = preSolution
		Debug|Any CPU = Debug|Any CPU
		Release|Any CPU = Release|Any CPU
	EndGlobalSection
	GlobalSection(ProjectConfigurationPlatforms) = postSolution
		{9F07E8C9-1F39-4600-9419-7880A3A6677D}.Debug|Any CPU.ActiveCfg = Debug|Any CPU
		{9F07E8C9-1F39-4600-9419-7880A3A6677D}.Release|Any CPU.ActiveCfg = Release|Any CPU
	EndGlobalSection
	GlobalSection(SolutionProperties) = preSolution
		HideSolutionNode = FALSE
	EndGlobalSection
	GlobalSection(ExtensibilityGlobals) = postSolution
		SolutionGuid = {ED6F1884-B654-4435-8197-85E12237872A}
	EndGlobalSection
EndGlobal
